
Microsoft Visual Studio Solution File, Format Version 12.00
# Visual Studio Version 16
VisualStudioVersion = 16.0.30907.101
MinimumVisualStudioVersion = 10.0.40219.1
Project("{FAE04EC0-301F-11D3-BF4B-00C04F79EFBC}") = "ReactDotnet", "ReactDotnet\ReactDotnet.csproj", "{F17B98F2-DDE4-409A-9F64-EF6D51D8A015}"
EndProject
Global
	GlobalSection(SolutionConfigurationPlatforms) = preSolution
		Debug|Any CPU = Debug|Any CPU
		Release|Any CPU = Release|Any CPU
	EndGlobalSection
	GlobalSection(ProjectConfigurationPlatforms) = postSolution
		{F17B98F2-DDE4-409A-9F64-EF6D51D8A015}.Debug|Any CPU.ActiveCfg = Debug|Any CPU
		{F17B98F2-DDE4-409A-9F64-EF6D51D8A015}.Debug|Any CPU.Build.0 = Debug|Any CPU
		{F17B98F2-DDE4-409A-9F64-EF6D51D8A015}.Release|Any CPU.ActiveCfg = Release|Any CPU
		{F17B98F2-DDE4-409A-9F64-EF6D51D8A015}.Release|Any CPU.Build.0 = Release|Any CPU
	EndGlobalSection
	GlobalSection(SolutionProperties) = preSolution
		HideSolutionNode = FALSE
	EndGlobalSection
	GlobalSection(ExtensibilityGlobals) = postSolution
		SolutionGuid = {2C2BE7DC-468C-4F4A-87CA-27C4D97AE989}
	EndGlobalSection
EndGlobal
